{
  "name": "monalisp",
  "version": "0.0.0",
  "lockfileVersion": 1,
  "requires": true,
  "dependencies": {
    "@types/ramda": {
      "version": "0.25.42",
      "resolved": "https://registry.npmjs.org/@types/ramda/-/ramda-0.25.42.tgz",
      "integrity": "sha512-m8IcEWgJZTb47UARqp2d58f+C8yDxpTC6ElU/muO0z1bYhdgf6LHcO2SE9f1Mt3SJnKCh6GtjKEC99hq6vPnDA=="
    },
    "ramda": {
      "version": "0.25.0",
      "resolved": "https://registry.npmjs.org/ramda/-/ramda-0.25.0.tgz",
      "integrity": "sha512-GXpfrYVPwx3K7RQ6aYT8KPS8XViSXUVJT1ONhoKPE9VAleW42YE+U+8VEyGWt41EnEQW7gwecYJriTI0pKoecQ=="
    }
  }
}
